
Microsoft Visual Studio Solution File, Format Version 12.00
# Visual Studio Version 17
VisualStudioVersion = 17.4.33213.308
MinimumVisualStudioVersion = 10.0.40219.1
Project("{FAE04EC0-301F-11D3-BF4B-00C04F79EFBC}") = "gtlrgtestapp", "gtlrgtestapp\gtlrgtestapp.csproj", "{0342D2AA-C528-4E9F-AB2E-0E289E112BE5}"
EndProject
Global
	GlobalSection(SolutionConfigurationPlatforms) = preSolution
		Debug|Any CPU = Debug|Any CPU
		Release|Any CPU = Release|Any CPU
	EndGlobalSection
	GlobalSection(ProjectConfigurationPlatforms) = postSolution
		{0342D2AA-C528-4E9F-AB2E-0E289E112BE5}.Debug|Any CPU.ActiveCfg = Debug|Any CPU
		{0342D2AA-C528-4E9F-AB2E-0E289E112BE5}.Debug|Any CPU.Build.0 = Debug|Any CPU
		{0342D2AA-C528-4E9F-AB2E-0E289E112BE5}.Release|Any CPU.ActiveCfg = Release|Any CPU
		{0342D2AA-C528-4E9F-AB2E-0E289E112BE5}.Release|Any CPU.Build.0 = Release|Any CPU
	EndGlobalSection
	GlobalSection(SolutionProperties) = preSolution
		HideSolutionNode = FALSE
	EndGlobalSection
	GlobalSection(ExtensibilityGlobals) = postSolution
		SolutionGuid = {CCC549A2-7DD8-49C8-80BF-498BA7C8F51B}
	EndGlobalSection
EndGlobal
